
Microsoft Visual Studio Solution File, Format Version 12.00
# Visual Studio Version 16
VisualStudioVersion = 16.0.29403.142
MinimumVisualStudioVersion = 10.0.40219.1
Project("{9A19103F-16F7-4668-BE54-9A1E7A4F7556}") = "Api", "Api\Api.csproj", "{34151E15-83E5-408C-8A27-D851B38B18A5}"
EndProject
Project("{9A19103F-16F7-4668-BE54-9A1E7A4F7556}") = "Proletarians", "Proletarians\Proletarians.csproj", "{2536225B-A377-47F1-B770-9D3253089CF8}"
EndProject
Project("{9A19103F-16F7-4668-BE54-9A1E7A4F7556}") = "Cellula", "Cellula\Cellula.csproj", "{9CC45D7F-3ACA-46F2-965A-CAFFBEE7A2B8}"
EndProject
Project("{FAE04EC0-301F-11D3-BF4B-00C04F79EFBC}") = "ComicsTests", "ComicsTests\ComicsTests.csproj", "{4E876FC1-521B-4EF4-81F9-237341D8E06F}"
EndProject
Global
	GlobalSection(SolutionConfigurationPlatforms) = preSolution
		Debug|Any CPU = Debug|Any CPU
		Release|Any CPU = Release|Any CPU
	EndGlobalSection
	GlobalSection(ProjectConfigurationPlatforms) = postSolution
		{34151E15-83E5-408C-8A27-D851B38B18A5}.Debug|Any CPU.ActiveCfg = Debug|Any CPU
		{34151E15-83E5-408C-8A27-D851B38B18A5}.Debug|Any CPU.Build.0 = Debug|Any CPU
		{34151E15-83E5-408C-8A27-D851B38B18A5}.Release|Any CPU.ActiveCfg = Release|Any CPU
		{34151E15-83E5-408C-8A27-D851B38B18A5}.Release|Any CPU.Build.0 = Release|Any CPU
		{2536225B-A377-47F1-B770-9D3253089CF8}.Debug|Any CPU.ActiveCfg = Debug|Any CPU
		{2536225B-A377-47F1-B770-9D3253089CF8}.Debug|Any CPU.Build.0 = Debug|Any CPU
		{2536225B-A377-47F1-B770-9D3253089CF8}.Release|Any CPU.ActiveCfg = Release|Any CPU
		{2536225B-A377-47F1-B770-9D3253089CF8}.Release|Any CPU.Build.0 = Release|Any CPU
		{9CC45D7F-3ACA-46F2-965A-CAFFBEE7A2B8}.Debug|Any CPU.ActiveCfg = Debug|Any CPU
		{9CC45D7F-3ACA-46F2-965A-CAFFBEE7A2B8}.Debug|Any CPU.Build.0 = Debug|Any CPU
		{9CC45D7F-3ACA-46F2-965A-CAFFBEE7A2B8}.Release|Any CPU.ActiveCfg = Release|Any CPU
		{9CC45D7F-3ACA-46F2-965A-CAFFBEE7A2B8}.Release|Any CPU.Build.0 = Release|Any CPU
		{4E876FC1-521B-4EF4-81F9-237341D8E06F}.Debug|Any CPU.ActiveCfg = Debug|Any CPU
		{4E876FC1-521B-4EF4-81F9-237341D8E06F}.Debug|Any CPU.Build.0 = Debug|Any CPU
		{4E876FC1-521B-4EF4-81F9-237341D8E06F}.Release|Any CPU.ActiveCfg = Release|Any CPU
		{4E876FC1-521B-4EF4-81F9-237341D8E06F}.Release|Any CPU.Build.0 = Release|Any CPU
	EndGlobalSection
	GlobalSection(SolutionProperties) = preSolution
		HideSolutionNode = FALSE
	EndGlobalSection
	GlobalSection(ExtensibilityGlobals) = postSolution
		SolutionGuid = {5B14B2AB-991D-466B-89BD-30C5A8A44F55}
	EndGlobalSection
EndGlobal
